// !$*UTF8*$!
{
	archiveVersion = 1;
	classes = {
	};
	objectVersion = 50;
	objects = {

/* Begin PBXBuildFile section */
		77F4D8BD21BEBB7F002417F8 /* AppDelegate.swift in Sources */ = {isa = PBXBuildFile; fileRef = 77F4D8BC21BEBB7F002417F8 /* AppDelegate.swift */; };
		77F4D8BF21BEBB7F002417F8 /* ViewController.swift in Sources */ = {isa = PBXBuildFile; fileRef = 77F4D8BE21BEBB7F002417F8 /* ViewController.swift */; };
		77F4D8C221BEBB80002417F8 /* Main.storyboard in Resources */ = {isa = PBXBuildFile; fileRef = 77F4D8C021BEBB80002417F8 /* Main.storyboard */; };
		77F4D8C421BEBB8B002417F8 /* Assets.xcassets in Resources */ = {isa = PBXBuildFile; fileRef = 77F4D8C321BEBB8B002417F8 /* Assets.xcassets */; };
		77F4D8C721BEBB8C002417F8 /* LaunchScreen.storyboard in Resources */ = {isa = PBXBuildFile; fileRef = 77F4D8C521BEBB8C002417F8 /* LaunchScreen.storyboard */; };
/* End PBXBuildFile section */

/* Begin PBXFileReference section */
		77F4D8B921BEBB7F002417F8 /* hello-color.app */ = {isa = PBXFileReference; explicitFileType = wrapper.application; includeInIndex = 0; path = "hello-color.app"; sourceTree = BUILT_PRODUCTS_DIR; };
		77F4D8BC21BEBB7F002417F8 /* AppDelegate.swift */ = {isa = PBXFileReference; lastKnownFileType = sourcecode.swift; path = AppDelegate.swift; sourceTree = "<group>"; };
		77F4D8BE21BEBB7F002417F8 /* ViewController.swift */ = {isa = PBXFileReference; lastKnownFileType = sourcecode.swift; path = ViewController.swift; sourceTree = "<group>"; };
		77F4D8C121BEBB80002417F8 /* Base */ = {isa = PBXFileReference; lastKnownFileType = file.storyboard; name = Base; path = Base.lproj/Main.storyboard; sourceTree = "<group>"; };
		77F4D8C321BEBB8B002417F8 /* Assets.xcassets */ = {isa = PBXFileReference; lastKnownFileType = folder.assetcatalog; path = Assets.xcassets; sourceTree = "<group>"; };
		77F4D8C621BEBB8C002417F8 /* Base */ = {isa = PBXFileReference; lastKnownFileType = file.storyboard; name = Base; path = Base.lproj/LaunchScreen.storyboard; sourceTree = "<group>"; };
		77F4D8C821BEBB8C002417F8 /* Info.plist */ = {isa = PBXFileReference; lastKnownFileType = text.plist.xml; path = Info.plist; sourceTree = "<group>"; };
/* End PBXFileReference section */

/* Begin PBXFrameworksBuildPhase section */
		77F4D8B621BEBB7F002417F8 /* Frameworks */ = {
			isa = PBXFrameworksBuildPhase;
			buildActionMask = 2147483647;
			files = (
			);
			runOnlyForDeploymentPostprocessing = 0;
		};
/* End PBXFrameworksBuildPhase section */

/* Begin PBXGroup section */
		77F4D8B021BEBB7E002417F8 = {
			isa = PBXGroup;
			children = (
				77F4D8BB21BEBB7F002417F8 /* hello-color */,
				77F4D8BA21BEBB7F002417F8 /* Products */,
			);
			sourceTree = "<group>";
		};
		77F4D8BA21BEBB7F002417F8 /* Products */ = {
			isa = PBXGroup;
			children = (
				77F4D8B921BEBB7F002417F8 /* hello-color.app */,
			);
			name = Products;
			sourceTree = "<group>";
		};
		77F4D8BB21BEBB7F002417F8 /* hello-color */ = {
			isa = PBXGroup;
			children = (
				77F4D8BC21BEBB7F002417F8 /* AppDelegate.swift */,
				77F4D8BE21BEBB7F002417F8 /* ViewController.swift */,
				77F4D8C021BEBB80002417F8 /* Main.storyboard */,
				77F4D8C321BEBB8B002417F8 /* Assets.xcassets */,
				77F4D8C521BEBB8C002417F8 /* LaunchScreen.storyboard */,
				77F4D8C821BEBB8C002417F8 /* Info.plist */,
			);
			path = "hello-color";
			sourceTree = "<group>";
		};
/* End PBXGroup section */

/* Begin PBXNativeTarget section */
		77F4D8B821BEBB7F002417F8 /* hello-color */ = {
			isa = PBXNativeTarget;
			buildConfigurationList = 77F4D8CB21BEBB8C002417F8 /* Build configuration list for PBXNativeTarget "hello-color" */;
			buildPhases = (
				77F4D8B521BEBB7F002417F8 /* Sources */,
				77F4D8B621BEBB7F002417F8 /* Frameworks */,
				77F4D8B721BEBB7F002417F8 /* Resources */,
			);
			buildRules = (
			);
			dependencies = (
			);
			name = "hello-color";
			productName = "hello-color";
			productReference = 77F4D8B921BEBB7F002417F8 /* hello-color.app */;
			productType = "com.apple.product-type.application";
		};
/* End PBXNativeTarget section */

/* Begin PBXProject section */
		77F4D8B121BEBB7E002417F8 /* Project object */ = {
			isa = PBXProject;
			attributes = {
				LastSwiftUpdateCheck = 1010;
				LastUpgradeCheck = 1010;
				ORGANIZATIONNAME = "Dakotah Moss";
				TargetAttributes = {
					77F4D8B821BEBB7F002417F8 = {
						CreatedOnToolsVersion = 10.1;
					};
				};
			};
			buildConfigurationList = 77F4D8B421BEBB7E002417F8 /* Build configuration list for PBXProject "hello-color" */;
			compatibilityVersion = "Xcode 9.3";
			developmentRegion = en;
			hasScannedForEncodings = 0;
			knownRegions = (
				en,
				Base,
			);
			mainGroup = 77F4D8B021BEBB7E002417F8;
			productRefGroup = 77F4D8BA21BEBB7F002417F8 /* Products */;
			projectDirPath = "";
			projectRoot = "";
			targets = (
				77F4D8B821BEBB7F002417F8 /* hello-color */,
			);
		};
/* End PBXProject section */

/* Begin PBXResourcesBuildPhase section */
		77F4D8B721BEBB7F002417F8 /* Resources */ = {
			isa = PBXResourcesBuildPhase;
			buildActionMask = 2147483647;
			files = (
				77F4D8C721BEBB8C002417F8 /* LaunchScreen.storyboard in Resources */,
				77F4D8C421BEBB8B002417F8 /* Assets.xcassets in Resources */,
				77F4D8C221BEBB80002417F8 /* Main.storyboard in Resources */,
			);
			runOnlyForDeploymentPostprocessing = 0;
		};
/* End PBXResourcesBuildPhase section */

/* Begin PBXSourcesBuildPhase section */
		77F4D8B521BEBB7F002417F8 /* Sources */ = {
			isa = PBXSourcesBuildPhase;
			buildActionMask = 2147483647;
			files = (
				77F4D8BF21BEBB7F002417F8 /* ViewController.swift in Sources */,
				77F4D8BD21BEBB7F002417F8 /* AppDelegate.swift in Sources */,
			);
			runOnlyForDeploymentPostprocessing = 0;
		};
/* End PBXSourcesBuildPhase section */

/* Begin PBXVariantGroup section */
		77F4D8C021BEBB80002417F8 /* Main.storyboard */ = {
			isa = PBXVariantGroup;
			children = (
				77F4D8C121BEBB80002417F8 /* Base */,
			);
			name = Main.storyboard;
			sourceTree = "<group>";
		};
		77F4D8C521BEBB8C002417F8 /* LaunchScreen.storyboard */ = {
			isa = PBXVariantGroup;
			children = (
				77F4D8C621BEBB8C002417F8 /* Base */,
			);
			name = LaunchScreen.storyboard;
			sourceTree = "<group>";
		};
/* End PBXVariantGroup section */

/* Begin XCBuildConfiguration section */
		77F4D8C921BEBB8C002417F8 /* Debug */ = {
			isa = XCBuildConfiguration;
			buildSettings = {
				ALWAYS_SEARCH_USER_PATHS = NO;
				CLANG_ANALYZER_NONNULL = YES;
				CLANG_ANALYZER_NUMBER_OBJECT_CONVERSION = YES_AGGRESSIVE;
				CLANG_CXX_LANGUAGE_STANDARD = "gnu++14";
				CLANG_CXX_LIBRARY = "libc++";
				CLANG_ENABLE_MODULES = YES;
				CLANG_ENABLE_OBJC_ARC = YES;
				CLANG_ENABLE_OBJC_WEAK = YES;
				CLANG_WARN_BLOCK_CAPTURE_AUTORELEASING = YES;
				CLANG_WARN_BOOL_CONVERSION = YES;
				CLANG_WARN_COMMA = YES;
				CLANG_WARN_CONSTANT_CONVERSION = YES;
				CLANG_WARN_DEPRECATED_OBJC_IMPLEMENTATIONS = YES;
				CLANG_WARN_DIRECT_OBJC_ISA_USAGE = YES_ERROR;
				CLANG_WARN_DOCUMENTATION_COMMENTS = YES;
				CLANG_WARN_EMPTY_BODY = YES;
				CLANG_WARN_ENUM_CONVERSION = YES;
				CLANG_WARN_INFINITE_RECURSION = YES;
				CLANG_WARN_INT_CONVERSION = YES;
				CLANG_WARN_NON_LITERAL_NULL_CONVERSION = YES;
				CLANG_WARN_OBJC_IMPLICIT_RETAIN_SELF = YES;
				CLANG_WARN_OBJC_LITERAL_CONVERSION = YES;
				CLANG_WARN_OBJC_ROOT_CLASS = YES_ERROR;
				CLANG_WARN_RANGE_LOOP_ANALYSIS = YES;
				CLANG_WARN_STRICT_PROTOTYPES = YES;
				CLANG_WARN_SUSPICIOUS_MOVE = YES;
				CLANG_WARN_UNGUARDED_AVAILABILITY = YES_AGGRESSIVE;
				CLANG_WARN_UNREACHABLE_CODE = YES;
				CLANG_WARN__DUPLICATE_METHOD_MATCH = YES;
				CODE_SIGN_IDENTITY = "iPhone Developer";
				COPY_PHASE_STRIP = NO;
				DEBUG_INFORMATION_FORMAT = dwarf;
				ENABLE_STRICT_OBJC_MSGSEND = YES;
				ENABLE_TESTABILITY = YES;
				GCC_C_LANGUAGE_STANDARD = gnu11;
				GCC_DYNAMIC_NO_PIC = NO;
				GCC_NO_COMMON_BLOCKS = YES;
				GCC_OPTIMIZATION_LEVEL = 0;
				GCC_PREPROCESSOR_DEFINITIONS = (
					"DEBUG=1",
					"$(inherited)",
				);
				GCC_WARN_64_TO_32_BIT_CONVERSION = YES;
				GCC_WARN_ABOUT_RETURN_TYPE = YES_ERROR;
				GCC_WARN_UNDECLARED_SELECTOR = YES;
				GCC_WARN_UNINITIALIZED_AUTOS = YES_AGGRESSIVE;
				GCC_WARN_UNUSED_FUNCTION = YES;
				GCC_WARN_UNUSED_VARIABLE = YES;
				IPHONEOS_DEPLOYMENT_TARGET = 12.1;
				MTL_ENABLE_DEBUG_INFO = INCLUDE_SOURCE;
				MTL_FAST_MATH = YES;
				ONLY_ACTIVE_ARCH = YES;
				SDKROOT = iphoneos;
				SWIFT_ACTIVE_COMPILATION_CONDITIONS = DEBUG;
				SWIFT_OPTIMIZATION_LEVEL = "-Onone";
			};
			name = Debug;
		};
		77F4D8CA21BEBB8C002417F8 /* Release */ = {
			isa = XCBuildConfiguration;
			buildSettings = {
				ALWAYS_SEARCH_USER_PATHS = NO;
				CLANG_ANALYZER_NONNULL = YES;
				CLANG_ANALYZER_NUMBER_OBJECT_CONVERSION = YES_AGGRESSIVE;
				CLANG_CXX_LANGUAGE_STANDARD = "gnu++14";
				CLANG_CXX_LIBRARY = "libc++";
				CLANG_ENABLE_MODULES = YES;
				CLANG_ENABLE_OBJC_ARC = YES;
				CLANG_ENABLE_OBJC_WEAK = YES;
				CLANG_WARN_BLOCK_CAPTURE_AUTORELEASING = YES;
				CLANG_WARN_BOOL_CONVERSION = YES;
				CLANG_WARN_COMMA = YES;
				CLANG_WARN_CONSTANT_CONVERSION = YES;
				CLANG_WARN_DEPRECATED_OBJC_IMPLEMENTATIONS = YES;
				CLANG_WARN_DIRECT_OBJC_ISA_USAGE = YES_ERROR;
				CLANG_WARN_DOCUMENTATION_COMMENTS = YES;
				CLANG_WARN_EMPTY_BODY = YES;
				CLANG_WARN_ENUM_CONVERSION = YES;
				CLANG_WARN_INFINITE_RECURSION = YES;
				CLANG_WARN_INT_CONVERSION = YES;
				CLANG_WARN_NON_LITERAL_NULL_CONVERSION = YES;
				CLANG_WARN_OBJC_IMPLICIT_RETAIN_SELF = YES;
				CLANG_WARN_OBJC_LITERAL_CONVERSION = YES;
				CLANG_WARN_OBJC_ROOT_CLASS = YES_ERROR;
				CLANG_WARN_RANGE_LOOP_ANALYSIS = YES;
				CLANG_WARN_STRICT_PROTOTYPES = YES;
				CLANG_WARN_SUSPICIOUS_MOVE = YES;
				CLANG_WARN_UNGUARDED_AVAILABILITY = YES_AGGRESSIVE;
				CLANG_WARN_UNREACHABLE_CODE = YES;
				CLANG_WARN__DUPLICATE_METHOD_MATCH = YES;
				CODE_SIGN_IDENTITY = "iPhone Developer";
				COPY_PHASE_STRIP = NO;
				DEBUG_INFORMATION_FORMAT = "dwarf-with-dsym";
				ENABLE_NS_ASSERTIONS = NO;
				ENABLE_STRICT_OBJC_MSGSEND = YES;
				GCC_C_LANGUAGE_STANDARD = gnu11;
				GCC_NO_COMMON_BLOCKS = YES;
				GCC_WARN_64_TO_32_BIT_CONVERSION = YES;
				GCC_WARN_ABOUT_RETURN_TYPE = YES_ERROR;
				GCC_WARN_UNDECLARED_SELECTOR = YES;
				GCC_WARN_UNINITIALIZED_AUTOS = YES_AGGRESSIVE;
				GCC_WARN_UNUSED_FUNCTION = YES;
				GCC_WARN_UNUSED_VARIABLE = YES;
				IPHONEOS_DEPLOYMENT_TARGET = 12.1;
				MTL_ENABLE_DEBUG_INFO = NO;
				MTL_FAST_MATH = YES;
				SDKROOT = iphoneos;
				SWIFT_COMPILATION_MODE = wholemodule;
				SWIFT_OPTIMIZATION_LEVEL = "-O";
				VALIDATE_PRODUCT = YES;
			};
			name = Release;
		};
		77F4D8CC21BEBB8C002417F8 /* Debug */ = {
			isa = XCBuildConfiguration;
			buildSettings = {
				ASSETCATALOG_COMPILER_APPICON_NAME = AppIcon;
				CODE_SIGN_STYLE = Automatic;
				DEVELOPMENT_TEAM = RS694U46WB;
				INFOPLIST_FILE = "hello-color/Info.plist";
				LD_RUNPATH_SEARCH_PATHS = (
					"$(inherited)",
					"@executable_path/Frameworks",
				);
				PRODUCT_BUNDLE_IDENTIFIER = "com.rskybsns.hello-color";
				PRODUCT_NAME = "$(TARGET_NAME)";
				SWIFT_VERSION = 4.2;
				TARGETED_DEVICE_FAMILY = "1,2";
			};
			name = Debug;
		};
		77F4D8CD21BEBB8C002417F8 /* Release */ = {
			isa = XCBuildConfiguration;
			buildSettings = {
				ASSETCATALOG_COMPILER_APPICON_NAME = AppIcon;
				CODE_SIGN_STYLE = Automatic;
				DEVELOPMENT_TEAM = RS694U46WB;
				INFOPLIST_FILE = "hello-color/Info.plist";
				LD_RUNPATH_SEARCH_PATHS = (
					"$(inherited)",
					"@executable_path/Frameworks",
				);
				PRODUCT_BUNDLE_IDENTIFIER = "com.rskybsns.hello-color";
				PRODUCT_NAME = "$(TARGET_NAME)";
				SWIFT_VERSION = 4.2;
				TARGETED_DEVICE_FAMILY = "1,2";
			};
			name = Release;
		};
/* End XCBuildConfiguration section */

/* Begin XCConfigurationList section */
		77F4D8B421BEBB7E002417F8 /* Build configuration list for PBXProject "hello-color" */ = {
			isa = XCConfigurationList;
			buildConfigurations = (
				77F4D8C921BEBB8C002417F8 /* Debug */,
				77F4D8CA21BEBB8C002417F8 /* Release */,
			);
			defaultConfigurationIsVisible = 0;
			defaultConfigurationName = Release;
		};
		77F4D8CB21BEBB8C002417F8 /* Build configuration list for PBXNativeTarget "hello-color" */ = {
			isa = XCConfigurationList;
			buildConfigurations = (
				77F4D8CC21BEBB8C002417F8 /* Debug */,
				77F4D8CD21BEBB8C002417F8 /* Release */,
			);
			defaultConfigurationIsVisible = 0;
			defaultConfigurationName = Release;
		};
/* End XCConfigurationList section */
	};
	rootObject = 77F4D8B121BEBB7E002417F8 /* Project object */;
}
